{
  "version": 4,
  "terraform_version": "1.0.2",
  "serial": 6,
  "lineage": "579a0ddc-0076-ff35-3592-6bef5f13b2d9",
  "outputs": {},
  "resources": [
    {
      "mode": "managed",
      "type": "azurerm_resource_group",
      "name": "example",
      "provider": "provider[\"registry.terraform.io/hashicorp/azurerm\"]",
      "instances": [
        {
          "schema_version": 0,
          "attributes": {
            "id": "/subscriptions/19ebcc25-b646-40f2-8371-f89ee8d07b87/resourceGroups/rg-az104-study",
            "location": "brazilsouth",
            "name": "rg-az104-study",
            "tags": null,
            "timeouts": null
          },
          "sensitive_attributes": [],
          "private": "eyJlMmJmYjczMC1lY2FhLTExZTYtOGY4OC0zNDM2M2JjN2M0YzAiOnsiY3JlYXRlIjo1NDAwMDAwMDAwMDAwLCJkZWxldGUiOjU0MDAwMDAwMDAwMDAsInJlYWQiOjMwMDAwMDAwMDAwMCwidXBkYXRlIjo1NDAwMDAwMDAwMDAwfX0="
        }
      ]
    },
    {
      "mode": "managed",
      "type": "azurerm_virtual_network",
      "name": "example-1",
      "provider": "provider[\"registry.terraform.io/hashicorp/azurerm\"]",
      "instances": [
        {
          "schema_version": 0,
          "attributes": {
            "address_space": [
              "10.0.0.0/16"
            ],
            "bgp_community": "",
            "ddos_protection_plan": [],
            "dns_servers": [],
            "flow_timeout_in_minutes": 0,
            "guid": "48a53d22-d727-477a-96c8-b432fc63ab54",
            "id": "/subscriptions/19ebcc25-b646-40f2-8371-f89ee8d07b87/resourceGroups/rg-az104-study/providers/Microsoft.Network/virtualNetworks/peternetwork1",
            "location": "brazilsouth",
            "name": "peternetwork1",
            "resource_group_name": "rg-az104-study",
            "subnet": [],
            "tags": null,
            "timeouts": null,
            "vm_protection_enabled": false
          },
          "sensitive_attributes": [],
          "private": "eyJlMmJmYjczMC1lY2FhLTExZTYtOGY4OC0zNDM2M2JjN2M0YzAiOnsiY3JlYXRlIjoxODAwMDAwMDAwMDAwLCJkZWxldGUiOjE4MDAwMDAwMDAwMDAsInJlYWQiOjMwMDAwMDAwMDAwMCwidXBkYXRlIjoxODAwMDAwMDAwMDAwfX0=",
          "dependencies": [
            "azurerm_resource_group.example"
          ]
        }
      ]
    },
    {
      "mode": "managed",
      "type": "azurerm_virtual_network",
      "name": "example-2",
      "provider": "provider[\"registry.terraform.io/hashicorp/azurerm\"]",
      "instances": [
        {
          "schema_version": 0,
          "attributes": {
            "address_space": [
              "10.1.0.0/16"
            ],
            "bgp_community": "",
            "ddos_protection_plan": [],
            "dns_servers": [],
            "flow_timeout_in_minutes": 0,
            "guid": "3da0d239-be3b-47af-9e13-c8692cba7375",
            "id": "/subscriptions/19ebcc25-b646-40f2-8371-f89ee8d07b87/resourceGroups/rg-az104-study/providers/Microsoft.Network/virtualNetworks/peternetwork2",
            "location": "brazilsouth",
            "name": "peternetwork2",
            "resource_group_name": "rg-az104-study",
            "subnet": [],
            "tags": null,
            "timeouts": null,
            "vm_protection_enabled": false
          },
          "sensitive_attributes": [],
          "private": "eyJlMmJmYjczMC1lY2FhLTExZTYtOGY4OC0zNDM2M2JjN2M0YzAiOnsiY3JlYXRlIjoxODAwMDAwMDAwMDAwLCJkZWxldGUiOjE4MDAwMDAwMDAwMDAsInJlYWQiOjMwMDAwMDAwMDAwMCwidXBkYXRlIjoxODAwMDAwMDAwMDAwfX0=",
          "dependencies": [
            "azurerm_resource_group.example"
          ]
        }
      ]
    },
    {
      "mode": "managed",
      "type": "azurerm_virtual_network_peering",
      "name": "example-1",
      "provider": "provider[\"registry.terraform.io/hashicorp/azurerm\"]",
      "instances": [
        {
          "schema_version": 0,
          "attributes": {
            "allow_forwarded_traffic": false,
            "allow_gateway_transit": false,
            "allow_virtual_network_access": true,
            "id": "/subscriptions/19ebcc25-b646-40f2-8371-f89ee8d07b87/resourceGroups/rg-az104-study/providers/Microsoft.Network/virtualNetworks/peternetwork1/virtualNetworkPeerings/peer1to2",
            "name": "peer1to2",
            "remote_virtual_network_id": "/subscriptions/19ebcc25-b646-40f2-8371-f89ee8d07b87/resourceGroups/rg-az104-study/providers/Microsoft.Network/virtualNetworks/peternetwork2",
            "resource_group_name": "rg-az104-study",
            "timeouts": null,
            "use_remote_gateways": false,
            "virtual_network_name": "peternetwork1"
          },
          "sensitive_attributes": [],
          "private": "eyJlMmJmYjczMC1lY2FhLTExZTYtOGY4OC0zNDM2M2JjN2M0YzAiOnsiY3JlYXRlIjoxODAwMDAwMDAwMDAwLCJkZWxldGUiOjE4MDAwMDAwMDAwMDAsInJlYWQiOjMwMDAwMDAwMDAwMCwidXBkYXRlIjoxODAwMDAwMDAwMDAwfX0=",
          "dependencies": [
            "azurerm_resource_group.example",
            "azurerm_virtual_network.example-1",
            "azurerm_virtual_network.example-2"
          ]
        }
      ]
    },
    {
      "mode": "managed",
      "type": "azurerm_virtual_network_peering",
      "name": "example-2",
      "provider": "provider[\"registry.terraform.io/hashicorp/azurerm\"]",
      "instances": [
        {
          "schema_version": 0,
          "attributes": {
            "allow_forwarded_traffic": false,
            "allow_gateway_transit": false,
            "allow_virtual_network_access": true,
            "id": "/subscriptions/19ebcc25-b646-40f2-8371-f89ee8d07b87/resourceGroups/rg-az104-study/providers/Microsoft.Network/virtualNetworks/peternetwork2/virtualNetworkPeerings/peer2to1",
            "name": "peer2to1",
            "remote_virtual_network_id": "/subscriptions/19ebcc25-b646-40f2-8371-f89ee8d07b87/resourceGroups/rg-az104-study/providers/Microsoft.Network/virtualNetworks/peternetwork1",
            "resource_group_name": "rg-az104-study",
            "timeouts": null,
            "use_remote_gateways": false,
            "virtual_network_name": "peternetwork2"
          },
          "sensitive_attributes": [],
          "private": "eyJlMmJmYjczMC1lY2FhLTExZTYtOGY4OC0zNDM2M2JjN2M0YzAiOnsiY3JlYXRlIjoxODAwMDAwMDAwMDAwLCJkZWxldGUiOjE4MDAwMDAwMDAwMDAsInJlYWQiOjMwMDAwMDAwMDAwMCwidXBkYXRlIjoxODAwMDAwMDAwMDAwfX0=",
          "dependencies": [
            "azurerm_resource_group.example",
            "azurerm_virtual_network.example-1",
            "azurerm_virtual_network.example-2"
          ]
        }
      ]
    }
  ]
}
